
Microsoft Visual Studio Solution File, Format Version 12.00
Project("{FAE04EC0-301F-11D3-BF4B-00C04F79EFBC}") = "Workshop", "Workshop\Workshop.csproj", "{81E892B7-A7D6-4705-A61C-77C11B2D670C}"
EndProject
Project("{FAE04EC0-301F-11D3-BF4B-00C04F79EFBC}") = "Cli", "Cli\Cli.csproj", "{AD02EDED-9837-42AE-A131-3C21D6776BFC}"
EndProject
Global
	GlobalSection(SolutionConfigurationPlatforms) = preSolution
		Debug|Any CPU = Debug|Any CPU
		Release|Any CPU = Release|Any CPU
	EndGlobalSection
	GlobalSection(ProjectConfigurationPlatforms) = postSolution
		{81E892B7-A7D6-4705-A61C-77C11B2D670C}.Debug|Any CPU.ActiveCfg = Debug|Any CPU
		{81E892B7-A7D6-4705-A61C-77C11B2D670C}.Debug|Any CPU.Build.0 = Debug|Any CPU
		{81E892B7-A7D6-4705-A61C-77C11B2D670C}.Release|Any CPU.ActiveCfg = Release|Any CPU
		{81E892B7-A7D6-4705-A61C-77C11B2D670C}.Release|Any CPU.Build.0 = Release|Any CPU
		{AD02EDED-9837-42AE-A131-3C21D6776BFC}.Debug|Any CPU.ActiveCfg = Debug|Any CPU
		{AD02EDED-9837-42AE-A131-3C21D6776BFC}.Debug|Any CPU.Build.0 = Debug|Any CPU
		{AD02EDED-9837-42AE-A131-3C21D6776BFC}.Release|Any CPU.ActiveCfg = Release|Any CPU
		{AD02EDED-9837-42AE-A131-3C21D6776BFC}.Release|Any CPU.Build.0 = Release|Any CPU
	EndGlobalSection
EndGlobal
